// !$*UTF8*$!
{
	archiveVersion = 1;
	classes = {
	};
	objectVersion = 46;
	objects = {

/* Begin PBXBuildFile section */
		E27E64E414C22E9E00FAE20E /* Foundation.framework in Frameworks */ = {isa = PBXBuildFile; fileRef = E27E64E314C22E9E00FAE20E /* Foundation.framework */; };
		E27E64E614C22E9E00FAE20E /* UIKit.framework in Frameworks */ = {isa = PBXBuildFile; fileRef = E27E64E514C22E9E00FAE20E /* UIKit.framework */; };
		E27E64E814C22E9E00FAE20E /* CoreGraphics.framework in Frameworks */ = {isa = PBXBuildFile; fileRef = E27E64E714C22E9E00FAE20E /* CoreGraphics.framework */; };
		E27E64EA14C22E9E00FAE20E /* AddressBook.framework in Frameworks */ = {isa = PBXBuildFile; fileRef = E27E64E914C22E9E00FAE20E /* AddressBook.framework */; };
		E27E64EC14C22E9E00FAE20E /* AddressBookUI.framework in Frameworks */ = {isa = PBXBuildFile; fileRef = E27E64EB14C22E9E00FAE20E /* AddressBookUI.framework */; };
		E27E64EE14C22E9E00FAE20E /* AudioToolbox.framework in Frameworks */ = {isa = PBXBuildFile; fileRef = E27E64ED14C22E9E00FAE20E /* AudioToolbox.framework */; };
		E27E64F014C22E9E00FAE20E /* AVFoundation.framework in Frameworks */ = {isa = PBXBuildFile; fileRef = E27E64EF14C22E9E00FAE20E /* AVFoundation.framework */; };
		E27E64F214C22E9E00FAE20E /* CoreLocation.framework in Frameworks */ = {isa = PBXBuildFile; fileRef = E27E64F114C22E9E00FAE20E /* CoreLocation.framework */; };
		E27E64F414C22E9E00FAE20E /* MediaPlayer.framework in Frameworks */ = {isa = PBXBuildFile; fileRef = E27E64F314C22E9E00FAE20E /* MediaPlayer.framework */; };
		E27E64F614C22E9E00FAE20E /* QuartzCore.framework in Frameworks */ = {isa = PBXBuildFile; fileRef = E27E64F514C22E9E00FAE20E /* QuartzCore.framework */; };
		E27E64F814C22E9E00FAE20E /* SystemConfiguration.framework in Frameworks */ = {isa = PBXBuildFile; fileRef = E27E64F714C22E9E00FAE20E /* SystemConfiguration.framework */; };
		E27E64FA14C22E9E00FAE20E /* MobileCoreServices.framework in Frameworks */ = {isa = PBXBuildFile; fileRef = E27E64F914C22E9E00FAE20E /* MobileCoreServices.framework */; };
		E27E64FC14C22E9E00FAE20E /* CoreMedia.framework in Frameworks */ = {isa = PBXBuildFile; fileRef = E27E64FB14C22E9E00FAE20E /* CoreMedia.framework */; };
		E27E650214C22E9E00FAE20E /* InfoPlist.strings in Resources */ = {isa = PBXBuildFile; fileRef = E27E650014C22E9E00FAE20E /* InfoPlist.strings */; };
		E27E650414C22E9E00FAE20E /* main.m in Sources */ = {isa = PBXBuildFile; fileRef = E27E650314C22E9E00FAE20E /* main.m */; };
		E27E650714C22E9E00FAE20E /* PhoneGap.framework in Frameworks */ = {isa = PBXBuildFile; fileRef = E27E650614C22E9E00FAE20E /* PhoneGap.framework */; };
		E27E650C14C22E9E00FAE20E /* Localizable.strings in Resources */ = {isa = PBXBuildFile; fileRef = E27E650A14C22E9E00FAE20E /* Localizable.strings */; };
		E27E651014C22E9E00FAE20E /* Localizable.strings in Resources */ = {isa = PBXBuildFile; fileRef = E27E650E14C22E9E00FAE20E /* Localizable.strings */; };
		E27E651314C22E9E00FAE20E /* icon.png in Resources */ = {isa = PBXBuildFile; fileRef = E27E651214C22E9E00FAE20E /* icon.png */; };
		E27E651514C22E9E00FAE20E /* icon@2x.png in Resources */ = {isa = PBXBuildFile; fileRef = E27E651414C22E9E00FAE20E /* icon@2x.png */; };
		E27E651714C22E9E00FAE20E /* icon-72.png in Resources */ = {isa = PBXBuildFile; fileRef = E27E651614C22E9E00FAE20E /* icon-72.png */; };
		E27E651A14C22E9E00FAE20E /* Default.png in Resources */ = {isa = PBXBuildFile; fileRef = E27E651914C22E9E00FAE20E /* Default.png */; };
		E27E651C14C22E9E00FAE20E /* Default@2x.png in Resources */ = {isa = PBXBuildFile; fileRef = E27E651B14C22E9E00FAE20E /* Default@2x.png */; };
		E27E651E14C22E9E00FAE20E /* Capture.bundle in Resources */ = {isa = PBXBuildFile; fileRef = E27E651D14C22E9E00FAE20E /* Capture.bundle */; };
		E27E652014C22E9E00FAE20E /* PhoneGap.plist in Resources */ = {isa = PBXBuildFile; fileRef = E27E651F14C22E9E00FAE20E /* PhoneGap.plist */; };
		E27E652414C22E9E00FAE20E /* AppDelegate.m in Sources */ = {isa = PBXBuildFile; fileRef = E27E652314C22E9E00FAE20E /* AppDelegate.m */; };
		E27E652D14C22FAD00FAE20E /* www in Resources */ = {isa = PBXBuildFile; fileRef = E27E652C14C22FAD00FAE20E /* www */; };
/* End PBXBuildFile section */

/* Begin PBXFileReference section */
		E27E64DF14C22E9E00FAE20E /* Eyekabob.app */ = {isa = PBXFileReference; explicitFileType = wrapper.application; includeInIndex = 0; path = Eyekabob.app; sourceTree = BUILT_PRODUCTS_DIR; };
		E27E64E314C22E9E00FAE20E /* Foundation.framework */ = {isa = PBXFileReference; lastKnownFileType = wrapper.framework; name = Foundation.framework; path = System/Library/Frameworks/Foundation.framework; sourceTree = SDKROOT; };
		E27E64E514C22E9E00FAE20E /* UIKit.framework */ = {isa = PBXFileReference; lastKnownFileType = wrapper.framework; name = UIKit.framework; path = System/Library/Frameworks/UIKit.framework; sourceTree = SDKROOT; };
		E27E64E714C22E9E00FAE20E /* CoreGraphics.framework */ = {isa = PBXFileReference; lastKnownFileType = wrapper.framework; name = CoreGraphics.framework; path = System/Library/Frameworks/CoreGraphics.framework; sourceTree = SDKROOT; };
		E27E64E914C22E9E00FAE20E /* AddressBook.framework */ = {isa = PBXFileReference; lastKnownFileType = wrapper.framework; name = AddressBook.framework; path = System/Library/Frameworks/AddressBook.framework; sourceTree = SDKROOT; };
		E27E64EB14C22E9E00FAE20E /* AddressBookUI.framework */ = {isa = PBXFileReference; lastKnownFileType = wrapper.framework; name = AddressBookUI.framework; path = System/Library/Frameworks/AddressBookUI.framework; sourceTree = SDKROOT; };
		E27E64ED14C22E9E00FAE20E /* AudioToolbox.framework */ = {isa = PBXFileReference; lastKnownFileType = wrapper.framework; name = AudioToolbox.framework; path = System/Library/Frameworks/AudioToolbox.framework; sourceTree = SDKROOT; };
		E27E64EF14C22E9E00FAE20E /* AVFoundation.framework */ = {isa = PBXFileReference; lastKnownFileType = wrapper.framework; name = AVFoundation.framework; path = System/Library/Frameworks/AVFoundation.framework; sourceTree = SDKROOT; };
		E27E64F114C22E9E00FAE20E /* CoreLocation.framework */ = {isa = PBXFileReference; lastKnownFileType = wrapper.framework; name = CoreLocation.framework; path = System/Library/Frameworks/CoreLocation.framework; sourceTree = SDKROOT; };
		E27E64F314C22E9E00FAE20E /* MediaPlayer.framework */ = {isa = PBXFileReference; lastKnownFileType = wrapper.framework; name = MediaPlayer.framework; path = System/Library/Frameworks/MediaPlayer.framework; sourceTree = SDKROOT; };
		E27E64F514C22E9E00FAE20E /* QuartzCore.framework */ = {isa = PBXFileReference; lastKnownFileType = wrapper.framework; name = QuartzCore.framework; path = System/Library/Frameworks/QuartzCore.framework; sourceTree = SDKROOT; };
		E27E64F714C22E9E00FAE20E /* SystemConfiguration.framework */ = {isa = PBXFileReference; lastKnownFileType = wrapper.framework; name = SystemConfiguration.framework; path = System/Library/Frameworks/SystemConfiguration.framework; sourceTree = SDKROOT; };
		E27E64F914C22E9E00FAE20E /* MobileCoreServices.framework */ = {isa = PBXFileReference; lastKnownFileType = wrapper.framework; name = MobileCoreServices.framework; path = System/Library/Frameworks/MobileCoreServices.framework; sourceTree = SDKROOT; };
		E27E64FB14C22E9E00FAE20E /* CoreMedia.framework */ = {isa = PBXFileReference; lastKnownFileType = wrapper.framework; name = CoreMedia.framework; path = System/Library/Frameworks/CoreMedia.framework; sourceTree = SDKROOT; };
		E27E64FF14C22E9E00FAE20E /* Eyekabob-Info.plist */ = {isa = PBXFileReference; lastKnownFileType = text.plist.xml; path = "Eyekabob-Info.plist"; sourceTree = "<group>"; };
		E27E650114C22E9E00FAE20E /* en */ = {isa = PBXFileReference; lastKnownFileType = text.plist.strings; name = en; path = en.lproj/InfoPlist.strings; sourceTree = "<group>"; };
		E27E650314C22E9E00FAE20E /* main.m */ = {isa = PBXFileReference; lastKnownFileType = sourcecode.c.objc; path = main.m; sourceTree = "<group>"; };
		E27E650514C22E9E00FAE20E /* Eyekabob-Prefix.pch */ = {isa = PBXFileReference; lastKnownFileType = sourcecode.c.h; path = "Eyekabob-Prefix.pch"; sourceTree = "<group>"; };
		E27E650614C22E9E00FAE20E /* PhoneGap.framework */ = {isa = PBXFileReference; lastKnownFileType = wrapper.framework; name = PhoneGap.framework; path = /Users/Shared/PhoneGap/Frameworks/PhoneGap.framework; sourceTree = "<absolute>"; };
		E27E650B14C22E9E00FAE20E /* en */ = {isa = PBXFileReference; lastKnownFileType = text.plist.strings; name = en; path = Resources/en.lproj/Localizable.strings; sourceTree = "<group>"; };
		E27E650F14C22E9E00FAE20E /* es */ = {isa = PBXFileReference; lastKnownFileType = text.plist.strings; name = es; path = Resources/es.lproj/Localizable.strings; sourceTree = "<group>"; };
		E27E651214C22E9E00FAE20E /* icon.png */ = {isa = PBXFileReference; lastKnownFileType = image.png; name = icon.png; path = Resources/icons/icon.png; sourceTree = "<group>"; };
		E27E651414C22E9E00FAE20E /* icon@2x.png */ = {isa = PBXFileReference; lastKnownFileType = image.png; name = "icon@2x.png"; path = "Resources/icons/icon@2x.png"; sourceTree = "<group>"; };
		E27E651614C22E9E00FAE20E /* icon-72.png */ = {isa = PBXFileReference; lastKnownFileType = image.png; name = "icon-72.png"; path = "Resources/icons/icon-72.png"; sourceTree = "<group>"; };
		E27E651914C22E9E00FAE20E /* Default.png */ = {isa = PBXFileReference; lastKnownFileType = image.png; name = Default.png; path = Resources/splash/Default.png; sourceTree = "<group>"; };
		E27E651B14C22E9E00FAE20E /* Default@2x.png */ = {isa = PBXFileReference; lastKnownFileType = image.png; name = "Default@2x.png"; path = "Resources/splash/Default@2x.png"; sourceTree = "<group>"; };
		E27E651D14C22E9E00FAE20E /* Capture.bundle */ = {isa = PBXFileReference; lastKnownFileType = "wrapper.plug-in"; name = Capture.bundle; path = Resources/Capture.bundle; sourceTree = "<group>"; };
		E27E651F14C22E9E00FAE20E /* PhoneGap.plist */ = {isa = PBXFileReference; lastKnownFileType = text.plist.xml; path = PhoneGap.plist; sourceTree = "<group>"; };
		E27E652214C22E9E00FAE20E /* AppDelegate.h */ = {isa = PBXFileReference; lastKnownFileType = sourcecode.c.h; name = AppDelegate.h; path = Classes/AppDelegate.h; sourceTree = "<group>"; };
		E27E652314C22E9E00FAE20E /* AppDelegate.m */ = {isa = PBXFileReference; lastKnownFileType = sourcecode.c.objc; name = AppDelegate.m; path = Classes/AppDelegate.m; sourceTree = "<group>"; };
		E27E652614C22E9E00FAE20E /* README */ = {isa = PBXFileReference; lastKnownFileType = text; name = README; path = Plugins/README; sourceTree = "<group>"; };
		E27E652C14C22FAD00FAE20E /* www */ = {isa = PBXFileReference; lastKnownFileType = folder; path = www; sourceTree = "<group>"; };
/* End PBXFileReference section */

/* Begin PBXFrameworksBuildPhase section */
		E27E64D914C22E9E00FAE20E /* Frameworks */ = {
			isa = PBXFrameworksBuildPhase;
			buildActionMask = 2147483647;
			files = (
				E27E64E414C22E9E00FAE20E /* Foundation.framework in Frameworks */,
				E27E64E614C22E9E00FAE20E /* UIKit.framework in Frameworks */,
				E27E64E814C22E9E00FAE20E /* CoreGraphics.framework in Frameworks */,
				E27E64EA14C22E9E00FAE20E /* AddressBook.framework in Frameworks */,
				E27E64EC14C22E9E00FAE20E /* AddressBookUI.framework in Frameworks */,
				E27E64EE14C22E9E00FAE20E /* AudioToolbox.framework in Frameworks */,
				E27E64F014C22E9E00FAE20E /* AVFoundation.framework in Frameworks */,
				E27E64F214C22E9E00FAE20E /* CoreLocation.framework in Frameworks */,
				E27E64F414C22E9E00FAE20E /* MediaPlayer.framework in Frameworks */,
				E27E64F614C22E9E00FAE20E /* QuartzCore.framework in Frameworks */,
				E27E64F814C22E9E00FAE20E /* SystemConfiguration.framework in Frameworks */,
				E27E64FA14C22E9E00FAE20E /* MobileCoreServices.framework in Frameworks */,
				E27E64FC14C22E9E00FAE20E /* CoreMedia.framework in Frameworks */,
				E27E650714C22E9E00FAE20E /* PhoneGap.framework in Frameworks */,
			);
			runOnlyForDeploymentPostprocessing = 0;
		};
		E27E64DC14C22E9E00FAE20E /* Frameworks */ = {
			isa = PBXFrameworksBuildPhase;
			buildActionMask = 2147483647;
			files = (
			);
			runOnlyForDeploymentPostprocessing = 0;
		};
/* End PBXFrameworksBuildPhase section */

/* Begin PBXGroup section */
		E27E64D114C22E9E00FAE20E = {
			isa = PBXGroup;
			children = (
				E27E652C14C22FAD00FAE20E /* www */,
				E27E64FD14C22E9E00FAE20E /* Eyekabob */,
				E27E64E214C22E9E00FAE20E /* Frameworks */,
				E27E64E014C22E9E00FAE20E /* Products */,
			);
			sourceTree = "<group>";
		};
		E27E64E014C22E9E00FAE20E /* Products */ = {
			isa = PBXGroup;
			children = (
				E27E64DF14C22E9E00FAE20E /* Eyekabob.app */,
			);
			name = Products;
			sourceTree = "<group>";
		};
		E27E64E214C22E9E00FAE20E /* Frameworks */ = {
			isa = PBXGroup;
			children = (
				E27E64E314C22E9E00FAE20E /* Foundation.framework */,
				E27E64E514C22E9E00FAE20E /* UIKit.framework */,
				E27E64E714C22E9E00FAE20E /* CoreGraphics.framework */,
				E27E64E914C22E9E00FAE20E /* AddressBook.framework */,
				E27E64EB14C22E9E00FAE20E /* AddressBookUI.framework */,
				E27E64ED14C22E9E00FAE20E /* AudioToolbox.framework */,
				E27E64EF14C22E9E00FAE20E /* AVFoundation.framework */,
				E27E64F114C22E9E00FAE20E /* CoreLocation.framework */,
				E27E64F314C22E9E00FAE20E /* MediaPlayer.framework */,
				E27E64F514C22E9E00FAE20E /* QuartzCore.framework */,
				E27E64F714C22E9E00FAE20E /* SystemConfiguration.framework */,
				E27E64F914C22E9E00FAE20E /* MobileCoreServices.framework */,
				E27E64FB14C22E9E00FAE20E /* CoreMedia.framework */,
			);
			name = Frameworks;
			sourceTree = "<group>";
		};
		E27E64FD14C22E9E00FAE20E /* Eyekabob */ = {
			isa = PBXGroup;
			children = (
				E27E650614C22E9E00FAE20E /* PhoneGap.framework */,
				E27E650814C22E9E00FAE20E /* Resources */,
				E27E652114C22E9E00FAE20E /* Classes */,
				E27E652514C22E9E00FAE20E /* Plugins */,
				E27E64FE14C22E9E00FAE20E /* Supporting Files */,
			);
			path = Eyekabob;
			sourceTree = "<group>";
		};
		E27E64FE14C22E9E00FAE20E /* Supporting Files */ = {
			isa = PBXGroup;
			children = (
				E27E64FF14C22E9E00FAE20E /* Eyekabob-Info.plist */,
				E27E650014C22E9E00FAE20E /* InfoPlist.strings */,
				E27E650314C22E9E00FAE20E /* main.m */,
				E27E650514C22E9E00FAE20E /* Eyekabob-Prefix.pch */,
				E27E651F14C22E9E00FAE20E /* PhoneGap.plist */,
			);
			name = "Supporting Files";
			sourceTree = "<group>";
		};
		E27E650814C22E9E00FAE20E /* Resources */ = {
			isa = PBXGroup;
			children = (
				E27E651D14C22E9E00FAE20E /* Capture.bundle */,
				E27E650914C22E9E00FAE20E /* en.lproj */,
				E27E650D14C22E9E00FAE20E /* es.lproj */,
				E27E651114C22E9E00FAE20E /* icons */,
				E27E651814C22E9E00FAE20E /* splash */,
			);
			name = Resources;
			sourceTree = "<group>";
		};
		E27E650914C22E9E00FAE20E /* en.lproj */ = {
			isa = PBXGroup;
			children = (
				E27E650A14C22E9E00FAE20E /* Localizable.strings */,
			);
			name = en.lproj;
			sourceTree = "<group>";
		};
		E27E650D14C22E9E00FAE20E /* es.lproj */ = {
			isa = PBXGroup;
			children = (
				E27E650E14C22E9E00FAE20E /* Localizable.strings */,
			);
			name = es.lproj;
			sourceTree = "<group>";
		};
		E27E651114C22E9E00FAE20E /* icons */ = {
			isa = PBXGroup;
			children = (
				E27E651214C22E9E00FAE20E /* icon.png */,
				E27E651414C22E9E00FAE20E /* icon@2x.png */,
				E27E651614C22E9E00FAE20E /* icon-72.png */,
			);
			name = icons;
			sourceTree = "<group>";
		};
		E27E651814C22E9E00FAE20E /* splash */ = {
			isa = PBXGroup;
			children = (
				E27E651914C22E9E00FAE20E /* Default.png */,
				E27E651B14C22E9E00FAE20E /* Default@2x.png */,
			);
			name = splash;
			sourceTree = "<group>";
		};
		E27E652114C22E9E00FAE20E /* Classes */ = {
			isa = PBXGroup;
			children = (
				E27E652214C22E9E00FAE20E /* AppDelegate.h */,
				E27E652314C22E9E00FAE20E /* AppDelegate.m */,
			);
			name = Classes;
			sourceTree = "<group>";
		};
		E27E652514C22E9E00FAE20E /* Plugins */ = {
			isa = PBXGroup;
			children = (
				E27E652614C22E9E00FAE20E /* README */,
			);
			name = Plugins;
			sourceTree = "<group>";
		};
/* End PBXGroup section */

/* Begin PBXNativeTarget section */
		E27E64DE14C22E9E00FAE20E /* Eyekabob */ = {
			isa = PBXNativeTarget;
			buildConfigurationList = E27E652914C22E9E00FAE20E /* Build configuration list for PBXNativeTarget "Eyekabob" */;
			buildPhases = (
				E27E64D814C22E9E00FAE20E /* Sources */,
				E27E64D914C22E9E00FAE20E /* Frameworks */,
				E27E64DA14C22E9E00FAE20E /* Resources */,
				E27E64DB14C22E9E00FAE20E /* Sources */,
				E27E64DC14C22E9E00FAE20E /* Frameworks */,
				E27E64DD14C22E9E00FAE20E /* ShellScript */,
			);
			buildRules = (
			);
			dependencies = (
			);
			name = Eyekabob;
			productName = Eyekabob;
			productReference = E27E64DF14C22E9E00FAE20E /* Eyekabob.app */;
			productType = "com.apple.product-type.application";
		};
/* End PBXNativeTarget section */

/* Begin PBXProject section */
		E27E64D314C22E9E00FAE20E /* Project object */ = {
			isa = PBXProject;
			attributes = {
				LastUpgradeCheck = 0420;
			};
			buildConfigurationList = E27E64D614C22E9E00FAE20E /* Build configuration list for PBXProject "Eyekabob" */;
			compatibilityVersion = "Xcode 3.2";
			developmentRegion = English;
			hasScannedForEncodings = 0;
			knownRegions = (
				en,
				es,
			);
			mainGroup = E27E64D114C22E9E00FAE20E;
			productRefGroup = E27E64E014C22E9E00FAE20E /* Products */;
			projectDirPath = "";
			projectRoot = "";
			targets = (
				E27E64DE14C22E9E00FAE20E /* Eyekabob */,
			);
		};
/* End PBXProject section */

/* Begin PBXResourcesBuildPhase section */
		E27E64DA14C22E9E00FAE20E /* Resources */ = {
			isa = PBXResourcesBuildPhase;
			buildActionMask = 2147483647;
			files = (
				E27E650214C22E9E00FAE20E /* InfoPlist.strings in Resources */,
				E27E650C14C22E9E00FAE20E /* Localizable.strings in Resources */,
				E27E651014C22E9E00FAE20E /* Localizable.strings in Resources */,
				E27E651314C22E9E00FAE20E /* icon.png in Resources */,
				E27E651514C22E9E00FAE20E /* icon@2x.png in Resources */,
				E27E651714C22E9E00FAE20E /* icon-72.png in Resources */,
				E27E651A14C22E9E00FAE20E /* Default.png in Resources */,
				E27E651C14C22E9E00FAE20E /* Default@2x.png in Resources */,
				E27E651E14C22E9E00FAE20E /* Capture.bundle in Resources */,
				E27E652014C22E9E00FAE20E /* PhoneGap.plist in Resources */,
				E27E652D14C22FAD00FAE20E /* www in Resources */,
			);
			runOnlyForDeploymentPostprocessing = 0;
		};
/* End PBXResourcesBuildPhase section */

/* Begin PBXShellScriptBuildPhase section */
		E27E64DD14C22E9E00FAE20E /* ShellScript */ = {
			isa = PBXShellScriptBuildPhase;
			buildActionMask = 2147483647;
			files = (
			);
			inputPaths = (
			);
			outputPaths = (
			);
			runOnlyForDeploymentPostprocessing = 0;
			shellPath = /bin/bash;
			shellScript = "\n\t\t\t\t\t\t\t\tif [ ! -d \"$PROJECT_DIR/www\" ] ; then\n\t\t\t\t\t\t\t\t\tcp -R /Users/Shared/PhoneGap/Frameworks/PhoneGap.framework/www \"$PROJECT_DIR\"\n\t\t\t\t\t\t\t\tfi\n\t\t\t\t\t\t\t\t# detect www folder reference in project, if missing, print warning\n\t\t\t\t\t\t\t\tgrep \"{isa = PBXFileReference; lastKnownFileType = folder; path = www; sourceTree = \\\"<group>\\\"; };\" \"$PROJECT_DIR/$PROJECT_NAME.xcodeproj/project.pbxproj\"\n\t\t\t\t\t\t\t\trc=$? \n\t\t\t\t\t\t\t\tif [ $rc != 0 ] ; then\n\t\t\t\t\t\t\t\techo -e \"warning: Missing - Add $PROJECT_DIR/www as a folder reference in your project. Just drag and drop the folder into your project, into the Project Navigator of Xcode 4. Make sure you select the second radio-button: 'Create folder references for any added folders' (which will create a blue folder)\" 1>&2\n\t\t\t\t\t\t\t\tfi\t\t\t\t\t\t\t";
		};
/* End PBXShellScriptBuildPhase section */

/* Begin PBXSourcesBuildPhase section */
		E27E64D814C22E9E00FAE20E /* Sources */ = {
			isa = PBXSourcesBuildPhase;
			buildActionMask = 2147483647;
			files = (
				E27E650414C22E9E00FAE20E /* main.m in Sources */,
				E27E652414C22E9E00FAE20E /* AppDelegate.m in Sources */,
			);
			runOnlyForDeploymentPostprocessing = 0;
		};
		E27E64DB14C22E9E00FAE20E /* Sources */ = {
			isa = PBXSourcesBuildPhase;
			buildActionMask = 2147483647;
			files = (
			);
			runOnlyForDeploymentPostprocessing = 0;
		};
/* End PBXSourcesBuildPhase section */

/* Begin PBXVariantGroup section */
		E27E650014C22E9E00FAE20E /* InfoPlist.strings */ = {
			isa = PBXVariantGroup;
			children = (
				E27E650114C22E9E00FAE20E /* en */,
			);
			name = InfoPlist.strings;
			sourceTree = "<group>";
		};
		E27E650A14C22E9E00FAE20E /* Localizable.strings */ = {
			isa = PBXVariantGroup;
			children = (
				E27E650B14C22E9E00FAE20E /* en */,
			);
			name = Localizable.strings;
			sourceTree = "<group>";
		};
		E27E650E14C22E9E00FAE20E /* Localizable.strings */ = {
			isa = PBXVariantGroup;
			children = (
				E27E650F14C22E9E00FAE20E /* es */,
			);
			name = Localizable.strings;
			sourceTree = "<group>";
		};
/* End PBXVariantGroup section */

/* Begin XCBuildConfiguration section */
		E27E652714C22E9E00FAE20E /* Debug */ = {
			isa = XCBuildConfiguration;
			buildSettings = {
				ALWAYS_SEARCH_USER_PATHS = NO;
				ARCHS = "$(ARCHS_STANDARD_32_BIT)";
				CLANG_ENABLE_OBJC_ARC = YES;
				"CODE_SIGN_IDENTITY[sdk=iphoneos*]" = "iPhone Developer";
				COPY_PHASE_STRIP = NO;
				GCC_C_LANGUAGE_STANDARD = gnu99;
				GCC_DYNAMIC_NO_PIC = NO;
				GCC_OPTIMIZATION_LEVEL = 0;
				GCC_PREPROCESSOR_DEFINITIONS = (
					"DEBUG=1",
					"$(inherited)",
				);
				GCC_SYMBOLS_PRIVATE_EXTERN = NO;
				GCC_VERSION = com.apple.compilers.llvmgcc42;
				GCC_WARN_ABOUT_MISSING_PROTOTYPES = YES;
				GCC_WARN_ABOUT_RETURN_TYPE = YES;
				GCC_WARN_UNUSED_VARIABLE = YES;
				IPHONEOS_DEPLOYMENT_TARGET = 3.0;
				SDKROOT = iphoneos;
			};
			name = Debug;
		};
		E27E652814C22E9E00FAE20E /* Release */ = {
			isa = XCBuildConfiguration;
			buildSettings = {
				ALWAYS_SEARCH_USER_PATHS = NO;
				ARCHS = "$(ARCHS_STANDARD_32_BIT)";
				CLANG_ENABLE_OBJC_ARC = YES;
				"CODE_SIGN_IDENTITY[sdk=iphoneos*]" = "iPhone Developer";
				COPY_PHASE_STRIP = YES;
				GCC_C_LANGUAGE_STANDARD = gnu99;
				GCC_VERSION = com.apple.compilers.llvmgcc42;
				GCC_WARN_ABOUT_MISSING_PROTOTYPES = YES;
				GCC_WARN_ABOUT_RETURN_TYPE = YES;
				GCC_WARN_UNUSED_VARIABLE = YES;
				IPHONEOS_DEPLOYMENT_TARGET = 3.0;
				SDKROOT = iphoneos;
				VALIDATE_PRODUCT = YES;
			};
			name = Release;
		};
		E27E652A14C22E9E00FAE20E /* Debug */ = {
			isa = XCBuildConfiguration;
			buildSettings = {
				ALWAYS_SEARCH_USER_PATHS = YES;
				COPY_PHASE_STRIP = NO;
				FRAMEWORK_SEARCH_PATHS = /Users/Shared/PhoneGap/Frameworks;
				GCC_DYNAMIC_NO_PIC = NO;
				GCC_PRECOMPILE_PREFIX_HEADER = YES;
				GCC_PREFIX_HEADER = "Eyekabob/Eyekabob-Prefix.pch";
				GCC_PREPROCESSOR_DEFINITIONS = "PHONEGAP_FRAMEWORK=YES";
				INFOPLIST_FILE = "Eyekabob/Eyekabob-Info.plist";
				OTHER_LDFLAGS = (
					"-weak_framework",
					UIKit,
					"-weak_framework",
					AVFoundation,
					"-weak_framework",
					CoreMedia,
					"-weak_library",
					/usr/lib/libSystem.B.dylib,
				);
				PRODUCT_NAME = "$(TARGET_NAME)";
				TARGETED_DEVICE_FAMILY = "1,2";
				WRAPPER_EXTENSION = app;
			};
			name = Debug;
		};
		E27E652B14C22E9E00FAE20E /* Release */ = {
			isa = XCBuildConfiguration;
			buildSettings = {
				ALWAYS_SEARCH_USER_PATHS = YES;
				COPY_PHASE_STRIP = YES;
				DEBUG_INFORMATION_FORMAT = "dwarf-with-dsym";
				FRAMEWORK_SEARCH_PATHS = /Users/Shared/PhoneGap/Frameworks;
				GCC_PRECOMPILE_PREFIX_HEADER = YES;
				GCC_PREFIX_HEADER = "Eyekabob/Eyekabob-Prefix.pch";
				GCC_PREPROCESSOR_DEFINITIONS = "PHONEGAP_FRAMEWORK=YES";
				INFOPLIST_FILE = "Eyekabob/Eyekabob-Info.plist";
				OTHER_LDFLAGS = (
					"-weak_framework",
					UIKit,
					"-weak_framework",
					AVFoundation,
					"-weak_framework",
					CoreMedia,
					"-weak_library",
					/usr/lib/libSystem.B.dylib,
				);
				PRODUCT_NAME = "$(TARGET_NAME)";
				TARGETED_DEVICE_FAMILY = "1,2";
				VALIDATE_PRODUCT = YES;
				WRAPPER_EXTENSION = app;
			};
			name = Release;
		};
/* End XCBuildConfiguration section */

/* Begin XCConfigurationList section */
		E27E64D614C22E9E00FAE20E /* Build configuration list for PBXProject "Eyekabob" */ = {
			isa = XCConfigurationList;
			buildConfigurations = (
				E27E652714C22E9E00FAE20E /* Debug */,
				E27E652814C22E9E00FAE20E /* Release */,
			);
			defaultConfigurationIsVisible = 0;
			defaultConfigurationName = Release;
		};
		E27E652914C22E9E00FAE20E /* Build configuration list for PBXNativeTarget "Eyekabob" */ = {
			isa = XCConfigurationList;
			buildConfigurations = (
				E27E652A14C22E9E00FAE20E /* Debug */,
				E27E652B14C22E9E00FAE20E /* Release */,
			);
			defaultConfigurationIsVisible = 0;
		};
/* End XCConfigurationList section */
	};
	rootObject = E27E64D314C22E9E00FAE20E /* Project object */;
}
